
Microsoft Visual Studio Solution File, Format Version 12.00
# Visual Studio 2013
VisualStudioVersion = 12.0.30324.0
MinimumVisualStudioVersion = 10.0.40219.1
Project("{FAE04EC0-301F-11D3-BF4B-00C04F79EFBC}") = "Bijectiv", "Bijectiv\Bijectiv.csproj", "{C49092A4-1985-4A13-9324-CC23EC29884A}"
EndProject
Project("{FAE04EC0-301F-11D3-BF4B-00C04F79EFBC}") = "Bijectiv.Tests", "Bijectiv.Tests\Bijectiv.Tests.csproj", "{FA7B8D1D-A570-406E-816F-9A743D4E402A}"
EndProject
Project("{2150E333-8FDC-42A3-9474-1A3956D46DE8}") = ".build", ".build", "{83772A1C-CC12-4B68-AF65-C4ADB772B43F}"
	ProjectSection(SolutionItems) = preProject
		.build\bijectiv.ruleset = .build\bijectiv.ruleset
		.build\bijectiv.runsettings = .build\bijectiv.runsettings
		.build\Bijectiv.snk = .build\Bijectiv.snk
		CustomDictionary.xml = CustomDictionary.xml
		license.txt = license.txt
		Settings.StyleCop = Settings.StyleCop
		.build\SharedAssemblyInfo.cs = .build\SharedAssemblyInfo.cs
	EndProjectSection
EndProject
Project("{2150E333-8FDC-42A3-9474-1A3956D46DE8}") = ".nuget", ".nuget", "{B0221CBF-57A5-4F0A-82E8-AC06A6FD5475}"
	ProjectSection(SolutionItems) = preProject
		.nuget\NuGet.Config = .nuget\NuGet.Config
		.nuget\NuGet.exe = .nuget\NuGet.exe
		.nuget\NuGet.targets = .nuget\NuGet.targets
	EndProjectSection
EndProject
Project("{FAE04EC0-301F-11D3-BF4B-00C04F79EFBC}") = "Bijectiv.TestUtilities", "Bijectiv.TestUtilities\Bijectiv.TestUtilities.csproj", "{EFD46F90-CAD9-4CC9-8C11-E535C510DF46}"
EndProject
Global
	GlobalSection(SolutionConfigurationPlatforms) = preSolution
		Debug|Any CPU = Debug|Any CPU
		Release|Any CPU = Release|Any CPU
	EndGlobalSection
	GlobalSection(ProjectConfigurationPlatforms) = postSolution
		{C49092A4-1985-4A13-9324-CC23EC29884A}.Debug|Any CPU.ActiveCfg = Debug|Any CPU
		{C49092A4-1985-4A13-9324-CC23EC29884A}.Debug|Any CPU.Build.0 = Debug|Any CPU
		{C49092A4-1985-4A13-9324-CC23EC29884A}.Release|Any CPU.ActiveCfg = Release|Any CPU
		{C49092A4-1985-4A13-9324-CC23EC29884A}.Release|Any CPU.Build.0 = Release|Any CPU
		{FA7B8D1D-A570-406E-816F-9A743D4E402A}.Debug|Any CPU.ActiveCfg = Debug|Any CPU
		{FA7B8D1D-A570-406E-816F-9A743D4E402A}.Debug|Any CPU.Build.0 = Debug|Any CPU
		{FA7B8D1D-A570-406E-816F-9A743D4E402A}.Release|Any CPU.ActiveCfg = Release|Any CPU
		{FA7B8D1D-A570-406E-816F-9A743D4E402A}.Release|Any CPU.Build.0 = Release|Any CPU
		{EFD46F90-CAD9-4CC9-8C11-E535C510DF46}.Debug|Any CPU.ActiveCfg = Debug|Any CPU
		{EFD46F90-CAD9-4CC9-8C11-E535C510DF46}.Debug|Any CPU.Build.0 = Debug|Any CPU
		{EFD46F90-CAD9-4CC9-8C11-E535C510DF46}.Release|Any CPU.ActiveCfg = Release|Any CPU
		{EFD46F90-CAD9-4CC9-8C11-E535C510DF46}.Release|Any CPU.Build.0 = Release|Any CPU
	EndGlobalSection
	GlobalSection(SolutionProperties) = preSolution
		HideSolutionNode = FALSE
	EndGlobalSection
EndGlobal
